
Microsoft Visual Studio Solution File, Format Version 12.00
# Visual Studio Version 17
VisualStudioVersion = 17.9.34714.143
MinimumVisualStudioVersion = 10.0.40219.1
Project("{FAE04EC0-301F-11D3-BF4B-00C04F79EFBC}") = "backTreesSales", "backTreesSales\backTreesSales.csproj", "{454524B3-7405-4D55-98B9-CD3209F9945A}"
EndProject
Global
	GlobalSection(SolutionConfigurationPlatforms) = preSolution
		Debug|Any CPU = Debug|Any CPU
		Release|Any CPU = Release|Any CPU
	EndGlobalSection
	GlobalSection(ProjectConfigurationPlatforms) = postSolution
		{454524B3-7405-4D55-98B9-CD3209F9945A}.Debug|Any CPU.ActiveCfg = Debug|Any CPU
		{454524B3-7405-4D55-98B9-CD3209F9945A}.Debug|Any CPU.Build.0 = Debug|Any CPU
		{454524B3-7405-4D55-98B9-CD3209F9945A}.Release|Any CPU.ActiveCfg = Release|Any CPU
		{454524B3-7405-4D55-98B9-CD3209F9945A}.Release|Any CPU.Build.0 = Release|Any CPU
	EndGlobalSection
	GlobalSection(SolutionProperties) = preSolution
		HideSolutionNode = FALSE
	EndGlobalSection
	GlobalSection(ExtensibilityGlobals) = postSolution
		SolutionGuid = {B0C027B9-AB08-4B63-8249-7C2E98927DAD}
	EndGlobalSection
EndGlobal
