
Microsoft Visual Studio Solution File, Format Version 12.00
# Visual Studio Version 17
VisualStudioVersion = 17.9.34714.143
MinimumVisualStudioVersion = 10.0.40219.1
Project("{FAE04EC0-301F-11D3-BF4B-00C04F79EFBC}") = "SiteForSalesTrees", "SiteForSalesTrees\SiteForSalesTrees.csproj", "{24FB2B58-7361-4C83-B49C-460D87DD419D}"
EndProject
Global
	GlobalSection(SolutionConfigurationPlatforms) = preSolution
		Debug|Any CPU = Debug|Any CPU
		Release|Any CPU = Release|Any CPU
	EndGlobalSection
	GlobalSection(ProjectConfigurationPlatforms) = postSolution
		{24FB2B58-7361-4C83-B49C-460D87DD419D}.Debug|Any CPU.ActiveCfg = Debug|Any CPU
		{24FB2B58-7361-4C83-B49C-460D87DD419D}.Debug|Any CPU.Build.0 = Debug|Any CPU
		{24FB2B58-7361-4C83-B49C-460D87DD419D}.Release|Any CPU.ActiveCfg = Release|Any CPU
		{24FB2B58-7361-4C83-B49C-460D87DD419D}.Release|Any CPU.Build.0 = Release|Any CPU
	EndGlobalSection
	GlobalSection(SolutionProperties) = preSolution
		HideSolutionNode = FALSE
	EndGlobalSection
	GlobalSection(ExtensibilityGlobals) = postSolution
		SolutionGuid = {7896E41F-0B86-4EC5-A5F3-893521AEF36B}
	EndGlobalSection
EndGlobal
